// !$*UTF8*$!
{
	archiveVersion = 1;
	classes = {
	};
	objectVersion = 48;
	objects = {

/* Begin PBXBuildFile section */
		AB51292D1FB577FC00958439 /* AppDelegate.swift in Sources */ = {isa = PBXBuildFile; fileRef = AB51292C1FB577FC00958439 /* AppDelegate.swift */; };
		AB51292F1FB577FC00958439 /* ViewController.swift in Sources */ = {isa = PBXBuildFile; fileRef = AB51292E1FB577FC00958439 /* ViewController.swift */; };
		AB5129321FB577FC00958439 /* Main.storyboard in Resources */ = {isa = PBXBuildFile; fileRef = AB5129301FB577FC00958439 /* Main.storyboard */; };
		AB5129351FB577FC00958439 /* VNHCoreData.xcdatamodeld in Sources */ = {isa = PBXBuildFile; fileRef = AB5129331FB577FC00958439 /* VNHCoreData.xcdatamodeld */; };
		AB5129371FB577FC00958439 /* Assets.xcassets in Resources */ = {isa = PBXBuildFile; fileRef = AB5129361FB577FC00958439 /* Assets.xcassets */; };
		AB51293A1FB577FC00958439 /* LaunchScreen.storyboard in Resources */ = {isa = PBXBuildFile; fileRef = AB5129381FB577FC00958439 /* LaunchScreen.storyboard */; };
/* End PBXBuildFile section */

/* Begin PBXFileReference section */
		AB5129291FB577FC00958439 /* VNHCoreData.app */ = {isa = PBXFileReference; explicitFileType = wrapper.application; includeInIndex = 0; path = VNHCoreData.app; sourceTree = BUILT_PRODUCTS_DIR; };
		AB51292C1FB577FC00958439 /* AppDelegate.swift */ = {isa = PBXFileReference; lastKnownFileType = sourcecode.swift; path = AppDelegate.swift; sourceTree = "<group>"; };
		AB51292E1FB577FC00958439 /* ViewController.swift */ = {isa = PBXFileReference; lastKnownFileType = sourcecode.swift; path = ViewController.swift; sourceTree = "<group>"; };
		AB5129311FB577FC00958439 /* Base */ = {isa = PBXFileReference; lastKnownFileType = file.storyboard; name = Base; path = Base.lproj/Main.storyboard; sourceTree = "<group>"; };
		AB5129341FB577FC00958439 /* VNHCoreData.xcdatamodel */ = {isa = PBXFileReference; lastKnownFileType = wrapper.xcdatamodel; path = VNHCoreData.xcdatamodel; sourceTree = "<group>"; };
		AB5129361FB577FC00958439 /* Assets.xcassets */ = {isa = PBXFileReference; lastKnownFileType = folder.assetcatalog; path = Assets.xcassets; sourceTree = "<group>"; };
		AB5129391FB577FC00958439 /* Base */ = {isa = PBXFileReference; lastKnownFileType = file.storyboard; name = Base; path = Base.lproj/LaunchScreen.storyboard; sourceTree = "<group>"; };
		AB51293B1FB577FC00958439 /* Info.plist */ = {isa = PBXFileReference; lastKnownFileType = text.plist.xml; path = Info.plist; sourceTree = "<group>"; };
/* End PBXFileReference section */

/* Begin PBXFrameworksBuildPhase section */
		AB5129261FB577FC00958439 /* Frameworks */ = {
			isa = PBXFrameworksBuildPhase;
			buildActionMask = 2147483647;
			files = (
			);
			runOnlyForDeploymentPostprocessing = 0;
		};
/* End PBXFrameworksBuildPhase section */

/* Begin PBXGroup section */
		AB5129201FB577FC00958439 = {
			isa = PBXGroup;
			children = (
				AB51292B1FB577FC00958439 /* VNHCoreData */,
				AB51292A1FB577FC00958439 /* Products */,
			);
			sourceTree = "<group>";
		};
		AB51292A1FB577FC00958439 /* Products */ = {
			isa = PBXGroup;
			children = (
				AB5129291FB577FC00958439 /* VNHCoreData.app */,
			);
			name = Products;
			sourceTree = "<group>";
		};
		AB51292B1FB577FC00958439 /* VNHCoreData */ = {
			isa = PBXGroup;
			children = (
				AB51292C1FB577FC00958439 /* AppDelegate.swift */,
				AB51292E1FB577FC00958439 /* ViewController.swift */,
				AB5129301FB577FC00958439 /* Main.storyboard */,
				AB5129361FB577FC00958439 /* Assets.xcassets */,
				AB5129381FB577FC00958439 /* LaunchScreen.storyboard */,
				AB51293B1FB577FC00958439 /* Info.plist */,
				AB5129331FB577FC00958439 /* VNHCoreData.xcdatamodeld */,
			);
			path = VNHCoreData;
			sourceTree = "<group>";
		};
/* End PBXGroup section */

/* Begin PBXNativeTarget section */
		AB5129281FB577FC00958439 /* VNHCoreData */ = {
			isa = PBXNativeTarget;
			buildConfigurationList = AB51293E1FB577FC00958439 /* Build configuration list for PBXNativeTarget "VNHCoreData" */;
			buildPhases = (
				AB5129251FB577FC00958439 /* Sources */,
				AB5129261FB577FC00958439 /* Frameworks */,
				AB5129271FB577FC00958439 /* Resources */,
			);
			buildRules = (
			);
			dependencies = (
			);
			name = VNHCoreData;
			productName = VNHCoreData;
			productReference = AB5129291FB577FC00958439 /* VNHCoreData.app */;
			productType = "com.apple.product-type.application";
		};
/* End PBXNativeTarget section */

/* Begin PBXProject section */
		AB5129211FB577FC00958439 /* Project object */ = {
			isa = PBXProject;
			attributes = {
				LastSwiftUpdateCheck = 0900;
				LastUpgradeCheck = 0900;
				ORGANIZATIONNAME = "Vasant Hugar";
				TargetAttributes = {
					AB5129281FB577FC00958439 = {
						CreatedOnToolsVersion = 9.0;
						ProvisioningStyle = Automatic;
					};
				};
			};
			buildConfigurationList = AB5129241FB577FC00958439 /* Build configuration list for PBXProject "VNHCoreData" */;
			compatibilityVersion = "Xcode 8.0";
			developmentRegion = en;
			hasScannedForEncodings = 0;
			knownRegions = (
				en,
				Base,
			);
			mainGroup = AB5129201FB577FC00958439;
			productRefGroup = AB51292A1FB577FC00958439 /* Products */;
			projectDirPath = "";
			projectRoot = "";
			targets = (
				AB5129281FB577FC00958439 /* VNHCoreData */,
			);
		};
/* End PBXProject section */

/* Begin PBXResourcesBuildPhase section */
		AB5129271FB577FC00958439 /* Resources */ = {
			isa = PBXResourcesBuildPhase;
			buildActionMask = 2147483647;
			files = (
				AB51293A1FB577FC00958439 /* LaunchScreen.storyboard in Resources */,
				AB5129371FB577FC00958439 /* Assets.xcassets in Resources */,
				AB5129321FB577FC00958439 /* Main.storyboard in Resources */,
			);
			runOnlyForDeploymentPostprocessing = 0;
		};
/* End PBXResourcesBuildPhase section */

/* Begin PBXSourcesBuildPhase section */
		AB5129251FB577FC00958439 /* Sources */ = {
			isa = PBXSourcesBuildPhase;
			buildActionMask = 2147483647;
			files = (
				AB5129351FB577FC00958439 /* VNHCoreData.xcdatamodeld in Sources */,
				AB51292F1FB577FC00958439 /* ViewController.swift in Sources */,
				AB51292D1FB577FC00958439 /* AppDelegate.swift in Sources */,
			);
			runOnlyForDeploymentPostprocessing = 0;
		};
/* End PBXSourcesBuildPhase section */

/* Begin PBXVariantGroup section */
		AB5129301FB577FC00958439 /* Main.storyboard */ = {
			isa = PBXVariantGroup;
			children = (
				AB5129311FB577FC00958439 /* Base */,
			);
			name = Main.storyboard;
			sourceTree = "<group>";
		};
		AB5129381FB577FC00958439 /* LaunchScreen.storyboard */ = {
			isa = PBXVariantGroup;
			children = (
				AB5129391FB577FC00958439 /* Base */,
			);
			name = LaunchScreen.storyboard;
			sourceTree = "<group>";
		};
/* End PBXVariantGroup section */

/* Begin XCBuildConfiguration section */
		AB51293C1FB577FC00958439 /* Debug */ = {
			isa = XCBuildConfiguration;
			buildSettings = {
				ALWAYS_SEARCH_USER_PATHS = NO;
				CLANG_ANALYZER_NONNULL = YES;
				CLANG_ANALYZER_NUMBER_OBJECT_CONVERSION = YES_AGGRESSIVE;
				CLANG_CXX_LANGUAGE_STANDARD = "gnu++14";
				CLANG_CXX_LIBRARY = "libc++";
				CLANG_ENABLE_MODULES = YES;
				CLANG_ENABLE_OBJC_ARC = YES;
				CLANG_WARN_BLOCK_CAPTURE_AUTORELEASING = YES;
				CLANG_WARN_BOOL_CONVERSION = YES;
				CLANG_WARN_COMMA = YES;
				CLANG_WARN_CONSTANT_CONVERSION = YES;
				CLANG_WARN_DIRECT_OBJC_ISA_USAGE = YES_ERROR;
				CLANG_WARN_DOCUMENTATION_COMMENTS = YES;
				CLANG_WARN_EMPTY_BODY = YES;
				CLANG_WARN_ENUM_CONVERSION = YES;
				CLANG_WARN_INFINITE_RECURSION = YES;
				CLANG_WARN_INT_CONVERSION = YES;
				CLANG_WARN_NON_LITERAL_NULL_CONVERSION = YES;
				CLANG_WARN_OBJC_LITERAL_CONVERSION = YES;
				CLANG_WARN_OBJC_ROOT_CLASS = YES_ERROR;
				CLANG_WARN_RANGE_LOOP_ANALYSIS = YES;
				CLANG_WARN_STRICT_PROTOTYPES = YES;
				CLANG_WARN_SUSPICIOUS_MOVE = YES;
				CLANG_WARN_UNGUARDED_AVAILABILITY = YES_AGGRESSIVE;
				CLANG_WARN_UNREACHABLE_CODE = YES;
				CLANG_WARN__DUPLICATE_METHOD_MATCH = YES;
				CODE_SIGN_IDENTITY = "iPhone Developer";
				COPY_PHASE_STRIP = NO;
				DEBUG_INFORMATION_FORMAT = dwarf;
				ENABLE_STRICT_OBJC_MSGSEND = YES;
				ENABLE_TESTABILITY = YES;
				GCC_C_LANGUAGE_STANDARD = gnu11;
				GCC_DYNAMIC_NO_PIC = NO;
				GCC_NO_COMMON_BLOCKS = YES;
				GCC_OPTIMIZATION_LEVEL = 0;
				GCC_PREPROCESSOR_DEFINITIONS = (
					"DEBUG=1",
					"$(inherited)",
				);
				GCC_WARN_64_TO_32_BIT_CONVERSION = YES;
				GCC_WARN_ABOUT_RETURN_TYPE = YES_ERROR;
				GCC_WARN_UNDECLARED_SELECTOR = YES;
				GCC_WARN_UNINITIALIZED_AUTOS = YES_AGGRESSIVE;
				GCC_WARN_UNUSED_FUNCTION = YES;
				GCC_WARN_UNUSED_VARIABLE = YES;
				IPHONEOS_DEPLOYMENT_TARGET = 11.0;
				MTL_ENABLE_DEBUG_INFO = YES;
				ONLY_ACTIVE_ARCH = YES;
				SDKROOT = iphoneos;
				SWIFT_ACTIVE_COMPILATION_CONDITIONS = DEBUG;
				SWIFT_OPTIMIZATION_LEVEL = "-Onone";
			};
			name = Debug;
		};
		AB51293D1FB577FC00958439 /* Release */ = {
			isa = XCBuildConfiguration;
			buildSettings = {
				ALWAYS_SEARCH_USER_PATHS = NO;
				CLANG_ANALYZER_NONNULL = YES;
				CLANG_ANALYZER_NUMBER_OBJECT_CONVERSION = YES_AGGRESSIVE;
				CLANG_CXX_LANGUAGE_STANDARD = "gnu++14";
				CLANG_CXX_LIBRARY = "libc++";
				CLANG_ENABLE_MODULES = YES;
				CLANG_ENABLE_OBJC_ARC = YES;
				CLANG_WARN_BLOCK_CAPTURE_AUTORELEASING = YES;
				CLANG_WARN_BOOL_CONVERSION = YES;
				CLANG_WARN_COMMA = YES;
				CLANG_WARN_CONSTANT_CONVERSION = YES;
				CLANG_WARN_DIRECT_OBJC_ISA_USAGE = YES_ERROR;
				CLANG_WARN_DOCUMENTATION_COMMENTS = YES;
				CLANG_WARN_EMPTY_BODY = YES;
				CLANG_WARN_ENUM_CONVERSION = YES;
				CLANG_WARN_INFINITE_RECURSION = YES;
				CLANG_WARN_INT_CONVERSION = YES;
				CLANG_WARN_NON_LITERAL_NULL_CONVERSION = YES;
				CLANG_WARN_OBJC_LITERAL_CONVERSION = YES;
				CLANG_WARN_OBJC_ROOT_CLASS = YES_ERROR;
				CLANG_WARN_RANGE_LOOP_ANALYSIS = YES;
				CLANG_WARN_STRICT_PROTOTYPES = YES;
				CLANG_WARN_SUSPICIOUS_MOVE = YES;
				CLANG_WARN_UNGUARDED_AVAILABILITY = YES_AGGRESSIVE;
				CLANG_WARN_UNREACHABLE_CODE = YES;
				CLANG_WARN__DUPLICATE_METHOD_MATCH = YES;
				CODE_SIGN_IDENTITY = "iPhone Developer";
				COPY_PHASE_STRIP = NO;
				DEBUG_INFORMATION_FORMAT = "dwarf-with-dsym";
				ENABLE_NS_ASSERTIONS = NO;
				ENABLE_STRICT_OBJC_MSGSEND = YES;
				GCC_C_LANGUAGE_STANDARD = gnu11;
				GCC_NO_COMMON_BLOCKS = YES;
				GCC_WARN_64_TO_32_BIT_CONVERSION = YES;
				GCC_WARN_ABOUT_RETURN_TYPE = YES_ERROR;
				GCC_WARN_UNDECLARED_SELECTOR = YES;
				GCC_WARN_UNINITIALIZED_AUTOS = YES_AGGRESSIVE;
				GCC_WARN_UNUSED_FUNCTION = YES;
				GCC_WARN_UNUSED_VARIABLE = YES;
				IPHONEOS_DEPLOYMENT_TARGET = 11.0;
				MTL_ENABLE_DEBUG_INFO = NO;
				SDKROOT = iphoneos;
				SWIFT_OPTIMIZATION_LEVEL = "-Owholemodule";
				VALIDATE_PRODUCT = YES;
			};
			name = Release;
		};
		AB51293F1FB577FC00958439 /* Debug */ = {
			isa = XCBuildConfiguration;
			buildSettings = {
				ASSETCATALOG_COMPILER_APPICON_NAME = AppIcon;
				CODE_SIGN_STYLE = Automatic;
				INFOPLIST_FILE = VNHCoreData/Info.plist;
				LD_RUNPATH_SEARCH_PATHS = "$(inherited) @executable_path/Frameworks";
				PRODUCT_BUNDLE_IDENTIFIER = com.indpro.VNHCoreData;
				PRODUCT_NAME = "$(TARGET_NAME)";
				SWIFT_VERSION = 4.0;
				TARGETED_DEVICE_FAMILY = "1,2";
			};
			name = Debug;
		};
		AB5129401FB577FC00958439 /* Release */ = {
			isa = XCBuildConfiguration;
			buildSettings = {
				ASSETCATALOG_COMPILER_APPICON_NAME = AppIcon;
				CODE_SIGN_STYLE = Automatic;
				INFOPLIST_FILE = VNHCoreData/Info.plist;
				LD_RUNPATH_SEARCH_PATHS = "$(inherited) @executable_path/Frameworks";
				PRODUCT_BUNDLE_IDENTIFIER = com.indpro.VNHCoreData;
				PRODUCT_NAME = "$(TARGET_NAME)";
				SWIFT_VERSION = 4.0;
				TARGETED_DEVICE_FAMILY = "1,2";
			};
			name = Release;
		};
/* End XCBuildConfiguration section */

/* Begin XCConfigurationList section */
		AB5129241FB577FC00958439 /* Build configuration list for PBXProject "VNHCoreData" */ = {
			isa = XCConfigurationList;
			buildConfigurations = (
				AB51293C1FB577FC00958439 /* Debug */,
				AB51293D1FB577FC00958439 /* Release */,
			);
			defaultConfigurationIsVisible = 0;
			defaultConfigurationName = Release;
		};
		AB51293E1FB577FC00958439 /* Build configuration list for PBXNativeTarget "VNHCoreData" */ = {
			isa = XCConfigurationList;
			buildConfigurations = (
				AB51293F1FB577FC00958439 /* Debug */,
				AB5129401FB577FC00958439 /* Release */,
			);
			defaultConfigurationIsVisible = 0;
			defaultConfigurationName = Release;
		};
/* End XCConfigurationList section */

/* Begin XCVersionGroup section */
		AB5129331FB577FC00958439 /* VNHCoreData.xcdatamodeld */ = {
			isa = XCVersionGroup;
			children = (
				AB5129341FB577FC00958439 /* VNHCoreData.xcdatamodel */,
			);
			currentVersion = AB5129341FB577FC00958439 /* VNHCoreData.xcdatamodel */;
			path = VNHCoreData.xcdatamodeld;
			sourceTree = "<group>";
			versionGroupType = wrapper.xcdatamodel;
		};
/* End XCVersionGroup section */
	};
	rootObject = AB5129211FB577FC00958439 /* Project object */;
}
